
Microsoft Visual Studio Solution File, Format Version 12.00
# Visual Studio Version 17
VisualStudioVersion = 17.8.34408.163
MinimumVisualStudioVersion = 10.0.40219.1
Project("{FAE04EC0-301F-11D3-BF4B-00C04F79EFBC}") = "MouseClickTool", "MouseClickTool.csproj", "{64FA4132-AC70-4006-9495-F974EE2DD808}"
EndProject
Project("{FAE04EC0-301F-11D3-BF4B-00C04F79EFBC}") = "App", "App\App.csproj", "{396795DA-6065-4CC8-822F-6A5BABC6D0A6}"
EndProject
Project("{FAE04EC0-301F-11D3-BF4B-00C04F79EFBC}") = "NetApp", "NetApp\NetApp.csproj", "{4BCA03B4-A747-45CD-BFE5-1DEF846ADBDE}"
EndProject
Global
	GlobalSection(SolutionConfigurationPlatforms) = preSolution
		Windows|x64 = Windows|x64
		Windows|x86 = Windows|x86
	EndGlobalSection
	GlobalSection(ProjectConfigurationPlatforms) = postSolution
		{64FA4132-AC70-4006-9495-F974EE2DD808}.Windows|x64.ActiveCfg = Windows|x64
		{64FA4132-AC70-4006-9495-F974EE2DD808}.Windows|x64.Build.0 = Windows|x64
		{64FA4132-AC70-4006-9495-F974EE2DD808}.Windows|x86.ActiveCfg = Windows|x86
		{64FA4132-AC70-4006-9495-F974EE2DD808}.Windows|x86.Build.0 = Windows|x86
		{396795DA-6065-4CC8-822F-6A5BABC6D0A6}.Windows|x64.ActiveCfg = Windows|x64
		{396795DA-6065-4CC8-822F-6A5BABC6D0A6}.Windows|x64.Build.0 = Windows|x64
		{396795DA-6065-4CC8-822F-6A5BABC6D0A6}.Windows|x86.ActiveCfg = Windows|x86
		{396795DA-6065-4CC8-822F-6A5BABC6D0A6}.Windows|x86.Build.0 = Windows|x86
		{4BCA03B4-A747-45CD-BFE5-1DEF846ADBDE}.Windows|x64.ActiveCfg = Windows|x64
		{4BCA03B4-A747-45CD-BFE5-1DEF846ADBDE}.Windows|x64.Build.0 = Windows|x64
		{4BCA03B4-A747-45CD-BFE5-1DEF846ADBDE}.Windows|x86.ActiveCfg = Windows|x86
		{4BCA03B4-A747-45CD-BFE5-1DEF846ADBDE}.Windows|x86.Build.0 = Windows|x86
	EndGlobalSection
	GlobalSection(SolutionProperties) = preSolution
		HideSolutionNode = FALSE
	EndGlobalSection
	GlobalSection(ExtensibilityGlobals) = postSolution
		SolutionGuid = {E084C909-99EC-4CA3-A898-31D8F2905EB7}
	EndGlobalSection
EndGlobal
