
Microsoft Visual Studio Solution File, Format Version 12.00
# Visual Studio Version 16
VisualStudioVersion = 16.0.30223.230
MinimumVisualStudioVersion = 10.0.40219.1
Project("{FAE04EC0-301F-11D3-BF4B-00C04F79EFBC}") = "MouseClickTool", "MouseClickTool.csproj", "{64FA4132-AC70-4006-9495-F974EE2DD808}"
EndProject
Global
	GlobalSection(SolutionConfigurationPlatforms) = preSolution
		Debug|x64 = Debug|x64
	EndGlobalSection
	GlobalSection(ProjectConfigurationPlatforms) = postSolution
		{64FA4132-AC70-4006-9495-F974EE2DD808}.Debug|x64.ActiveCfg = Debug|x64
		{64FA4132-AC70-4006-9495-F974EE2DD808}.Debug|x64.Build.0 = Debug|x64
	EndGlobalSection
	GlobalSection(SolutionProperties) = preSolution
		HideSolutionNode = FALSE
	EndGlobalSection
	GlobalSection(ExtensibilityGlobals) = postSolution
		SolutionGuid = {E084C909-99EC-4CA3-A898-31D8F2905EB7}
	EndGlobalSection
EndGlobal
